
Microsoft Visual Studio Solution File, Format Version 12.00
# Visual Studio 2012
Project("{FAE04EC0-301F-11D3-BF4B-00C04F79EFBC}") = "JarResolverLib", "JarResolverLib\JarResolverLib.csproj", "{CC4F239D-3C7F-4164-830F-9215AE15B32A}"
EndProject
Project("{FAE04EC0-301F-11D3-BF4B-00C04F79EFBC}") = "JarResolverTests", "JarResolverTests\JarResolverTests.csproj", "{593254D7-6358-40A6-B0C8-F0616BBF499D}"
EndProject
Project("{FAE04EC0-301F-11D3-BF4B-00C04F79EFBC}") = "IntegrationTester", "IntegrationTester\IntegrationTester.csproj", "{DBD8D4D9-61AC-4E75-8CDC-CABE7033A040}"
EndProject
Project("{FAE04EC0-301F-11D3-BF4B-00C04F79EFBC}") = "AndroidResolver", "AndroidResolver\AndroidResolver.csproj", "{82EEDFBE-AFE4-4DEF-99D9-BC929747DD9A}"
EndProject
Project("{FAE04EC0-301F-11D3-BF4B-00C04F79EFBC}") = "AndroidResolverIntegrationTests", "AndroidResolver\test\AndroidResolverIntegrationTests.csproj", "{6CB19B5A-371A-5E50-A3F7-E24F1696D501}"
EndProject
Project("{FAE04EC0-301F-11D3-BF4B-00C04F79EFBC}") = "VersionHandler", "VersionHandler\VersionHandler.csproj", "{5378B37A-887E-49ED-A8AE-42FA843AA9DC}"
EndProject
Project("{FAE04EC0-301F-11D3-BF4B-00C04F79EFBC}") = "VersionHandlerImpl", "VersionHandlerImpl\VersionHandlerImpl.csproj", "{1E162334-8EA2-440A-9B3A-13FD8FE5C22E}"
EndProject
Project("{FAE04EC0-301F-11D3-BF4B-00C04F79EFBC}") = "VersionHandlerImplTests", "VersionHandlerImpl\unit_tests\VersionHandlerImplTests.csproj", "{9FD33878-5B6B-411D-A3C7-D2A5E7E63182}"
EndProject
Project("{FAE04EC0-301F-11D3-BF4B-00C04F79EFBC}") = "IOSResolver", "IOSResolver\IOSResolver.csproj", "{5B581BAE-D432-41AB-AEED-FD269AEA081D}"
EndProject
Project("{FAE04EC0-301F-11D3-BF4B-00C04F79EFBC}") = "UnityPackageManagerResolver", "UnityPackageManagerResolver\UnityPackageManagerResolver.csproj", "{77EBE819-CBE6-4CA8-A791-ED747EA29D30}"
EndProject
Project("{FAE04EC0-301F-11D3-BF4B-00C04F79EFBC}") = "UnityPackageManagerResolverTests", "UnityPackageManagerResolver\unit_tests\UnityPackageManagerResolverTests.csproj", "{FEECDCE1-F528-4931-A4CF-808DDBCE1A8D}"
EndProject
Global
	GlobalSection(SolutionConfigurationPlatforms) = preSolution
		Debug|Any CPU = Debug|Any CPU
		Release|Any CPU = Release|Any CPU
	EndGlobalSection
	GlobalSection(ProjectConfigurationPlatforms) = postSolution
		{593254D7-6358-40A6-B0C8-F0616BBF499D}.Debug|Any CPU.ActiveCfg = Debug|Any CPU
		{593254D7-6358-40A6-B0C8-F0616BBF499D}.Debug|Any CPU.Build.0 = Debug|Any CPU
		{593254D7-6358-40A6-B0C8-F0616BBF499D}.Release|Any CPU.ActiveCfg = Release|Any CPU
		{593254D7-6358-40A6-B0C8-F0616BBF499D}.Release|Any CPU.Build.0 = Release|Any CPU
		{DBD8D4D9-61AC-4E75-8CDC-CABE7033A040}.Debug|Any CPU.ActiveCfg = Debug|Any CPU
		{DBD8D4D9-61AC-4E75-8CDC-CABE7033A040}.Debug|Any CPU.Build.0 = Debug|Any CPU
		{DBD8D4D9-61AC-4E75-8CDC-CABE7033A040}.Release|Any CPU.ActiveCfg = Release|Any CPU
		{DBD8D4D9-61AC-4E75-8CDC-CABE7033A040}.Release|Any CPU.Build.0 = Release|Any CPU
		{82EEDFBE-AFE4-4DEF-99D9-BC929747DD9A}.Debug|Any CPU.ActiveCfg = Debug|Any CPU
		{82EEDFBE-AFE4-4DEF-99D9-BC929747DD9A}.Debug|Any CPU.Build.0 = Debug|Any CPU
		{82EEDFBE-AFE4-4DEF-99D9-BC929747DD9A}.Release|Any CPU.ActiveCfg = Release|Any CPU
		{82EEDFBE-AFE4-4DEF-99D9-BC929747DD9A}.Release|Any CPU.Build.0 = Release|Any CPU
		{6CB19B5A-371A-5E50-A3F7-E24F1696D501}.Debug|Any CPU.ActiveCfg = Debug|Any CPU
		{6CB19B5A-371A-5E50-A3F7-E24F1696D501}.Debug|Any CPU.Build.0 = Debug|Any CPU
		{6CB19B5A-371A-5E50-A3F7-E24F1696D501}.Release|Any CPU.ActiveCfg = Release|Any CPU
		{6CB19B5A-371A-5E50-A3F7-E24F1696D501}.Release|Any CPU.Build.0 = Release|Any CPU
		{CC4F239D-3C7F-4164-830F-9215AE15B32A}.Debug|Any CPU.ActiveCfg = Debug|Any CPU
		{CC4F239D-3C7F-4164-830F-9215AE15B32A}.Debug|Any CPU.Build.0 = Debug|Any CPU
		{CC4F239D-3C7F-4164-830F-9215AE15B32A}.Release|Any CPU.ActiveCfg = Release|Any CPU
		{CC4F239D-3C7F-4164-830F-9215AE15B32A}.Release|Any CPU.Build.0 = Release|Any CPU
		{5378B37A-887E-49ED-A8AE-42FA843AA9DC}.Debug|Any CPU.ActiveCfg = Debug|Any CPU
		{5378B37A-887E-49ED-A8AE-42FA843AA9DC}.Debug|Any CPU.Build.0 = Debug|Any CPU
		{5378B37A-887E-49ED-A8AE-42FA843AA9DC}.Release|Any CPU.ActiveCfg = Release|Any CPU
		{5378B37A-887E-49ED-A8AE-42FA843AA9DC}.Release|Any CPU.Build.0 = Release|Any CPU
		{1E162334-8EA2-440A-9B3A-13FD8FE5C22E}.Debug|Any CPU.ActiveCfg = Debug|Any CPU
		{1E162334-8EA2-440A-9B3A-13FD8FE5C22E}.Debug|Any CPU.Build.0 = Debug|Any CPU
		{1E162334-8EA2-440A-9B3A-13FD8FE5C22E}.Release|Any CPU.ActiveCfg = Release|Any CPU
		{1E162334-8EA2-440A-9B3A-13FD8FE5C22E}.Release|Any CPU.Build.0 = Release|Any CPU
		{9FD33878-5B6B-411D-A3C7-D2A5E7E63182}.Debug|Any CPU.ActiveCfg = Debug|Any CPU
		{9FD33878-5B6B-411D-A3C7-D2A5E7E63182}.Debug|Any CPU.Build.0 = Debug|Any CPU
		{9FD33878-5B6B-411D-A3C7-D2A5E7E63182}.Release|Any CPU.ActiveCfg = Release|Any CPU
		{9FD33878-5B6B-411D-A3C7-D2A5E7E63182}.Release|Any CPU.Build.0 = Release|Any CPU
		{5B581BAE-D432-41AB-AEED-FD269AEA081D}.Debug|Any CPU.ActiveCfg = Debug|Any CPU
		{5B581BAE-D432-41AB-AEED-FD269AEA081D}.Debug|Any CPU.Build.0 = Debug|Any CPU
		{5B581BAE-D432-41AB-AEED-FD269AEA081D}.Release|Any CPU.ActiveCfg = Release|Any CPU
		{5B581BAE-D432-41AB-AEED-FD269AEA081D}.Release|Any CPU.Build.0 = Release|Any CPU
		{77EBE819-CBE6-4CA8-A791-ED747EA29D30}.Debug|Any CPU.ActiveCfg = Debug|Any CPU
		{77EBE819-CBE6-4CA8-A791-ED747EA29D30}.Debug|Any CPU.Build.0 = Debug|Any CPU
		{77EBE819-CBE6-4CA8-A791-ED747EA29D30}.Release|Any CPU.ActiveCfg = Release|Any CPU
		{77EBE819-CBE6-4CA8-A791-ED747EA29D30}.Release|Any CPU.Build.0 = Release|Any CPU
		{FEECDCE1-F528-4931-A4CF-808DDBCE1A8D}.Debug|Any CPU.ActiveCfg = Debug|Any CPU
		{FEECDCE1-F528-4931-A4CF-808DDBCE1A8D}.Debug|Any CPU.Build.0 = Debug|Any CPU
		{FEECDCE1-F528-4931-A4CF-808DDBCE1A8D}.Release|Any CPU.ActiveCfg = Release|Any CPU
		{FEECDCE1-F528-4931-A4CF-808DDBCE1A8D}.Release|Any CPU.Build.0 = Release|Any CPU
	EndGlobalSection
EndGlobal
